dependencies:
- name: authentication-service
  repository: file://../authentication-service
  version: 0.1.0
- name: tenant-service
  repository: file://../tenant-service
  version: 0.1.0
- name: frontend
  repository: file://../frontend
  version: 0.1.0
- name: start-page
  repository: file://../start_page
  version: 0.1.0
- name: loki-stack
  repository: https://grafana.github.io/helm-charts
  version: 2.8.9
- name: mongodb
  repository: https://charts.bitnami.com/bitnami
  version: 13.6.6
digest: sha256:1ad505500b4f210d236220f3ae08c7b3141ea3a8a296e3320839ae47de86a4e9
generated: "2023-01-26T08:43:30.403445551+01:00"
