dependencies:
- name: authentication-service
  repository: file://../authentication-service
  version: 0.1.0
- name: tenant-service
  repository: file://../tenant-service
  version: 0.1.0
- name: frontend
  repository: file://../frontend
  version: 0.1.0
- name: start-page
  repository: file://../start_page
  version: 0.1.0
- name: mongodb
  repository: https://charts.bitnami.com/bitnami
  version: 13.6.4
digest: sha256:e9a3a0e7ac54b7afeb42038e1184d4d2352473935726b60832d50cfec93de619
generated: "2023-01-24T12:37:44.8353488+01:00"
