dependencies:
- name: transaction-service
  repository: file://../transaction-service
  version: 0.1.0
- name: report-service
  repository: file://../report-service
  version: 0.1.0
- name: mongodb
  repository: https://charts.bitnami.com/bitnami
  version: 13.6.4
digest: sha256:f8e5e633a9423e3546320bd5ebdd25d944e024b6568765fc080103de8c59f4e0
generated: "2023-01-24T08:33:26.0773611+01:00"
